
Microsoft Visual Studio Solution File, Format Version 12.00
# Visual Studio Version 17
VisualStudioVersion = 17.13.35931.197 d17.13
MinimumVisualStudioVersion = 10.0.40219.1
Project("{FAE04EC0-301F-11D3-BF4B-00C04F79EFBC}") = "ApiDeEscola", "ApiDeEscola.csproj", "{4C5FF2BD-BF3E-4DFC-9E6D-9142A644D736}"
EndProject
Global
	GlobalSection(SolutionConfigurationPlatforms) = preSolution
		Debug|Any CPU = Debug|Any CPU
		Release|Any CPU = Release|Any CPU
	EndGlobalSection
	GlobalSection(ProjectConfigurationPlatforms) = postSolution
		{4C5FF2BD-BF3E-4DFC-9E6D-9142A644D736}.Debug|Any CPU.ActiveCfg = Debug|Any CPU
		{4C5FF2BD-BF3E-4DFC-9E6D-9142A644D736}.Debug|Any CPU.Build.0 = Debug|Any CPU
		{4C5FF2BD-BF3E-4DFC-9E6D-9142A644D736}.Release|Any CPU.ActiveCfg = Release|Any CPU
		{4C5FF2BD-BF3E-4DFC-9E6D-9142A644D736}.Release|Any CPU.Build.0 = Release|Any CPU
	EndGlobalSection
	GlobalSection(SolutionProperties) = preSolution
		HideSolutionNode = FALSE
	EndGlobalSection
	GlobalSection(ExtensibilityGlobals) = postSolution
		SolutionGuid = {626F747A-D563-479A-B05E-3F3D8889C3F1}
	EndGlobalSection
EndGlobal
